#MicroXplorer Configuration settings - do not modify
Mcu.Family=STM32F1
NVIC.SysTick_IRQn=true\:0\:0\:false\:false\:true\:false\:true
ProjectManager.LastFirmware=true
ProjectManager.MainLocation=Core/Src
ProjectManager.FirmwarePackage=STM32Cube FW_F1 V1.8.4
MxDb.Version=DB.6.0.21
ProjectManager.ProjectFileName=STM32F103_Blink.ioc
RCC.APB2Freq_Value=8000000
PA1.GPIOParameters=GPIO_Label
ProjectManager.BackupPrevious=false
MxCube.Version=6.2.1
ProjectManager.KeepUserCode=true
Mcu.UserName=STM32F103RCTx
PA14.Mode=Serial_Wire
Mcu.PinsNb=7
ProjectManager.NoMain=false
File.Version=6
VP_SYS_VS_Systick.Mode=SysTick
PA1.GPIO_Label=PUL
RCC.PLLCLKFreq_Value=8000000
NVIC.NonMaskableInt_IRQn=true\:0\:0\:false\:false\:true\:false\:false
NVIC.PendSV_IRQn=true\:0\:0\:false\:false\:true\:false\:false
ProjectManager.functionlistsort=1-MX_GPIO_Init-GPIO-false-HAL-true,2-SystemClock_Config-RCC-false-HAL-false
PA13.Mode=Serial_Wire
ProjectManager.FreePins=false
PA3.GPIOParameters=GPIO_Label
RCC.IPParameters=APB1Freq_Value,APB2Freq_Value,FamilyName,PLLCLKFreq_Value,PLLMCOFreq_Value,TimSysFreq_Value
ProjectManager.DefaultFWLocation=true
ProjectManager.AskForMigrate=true
Mcu.Name=STM32F103R(C-D-E)Tx
ProjectManager.HalAssertFull=false
ProjectManager.DeletePrevious=true
PA2.Signal=GPIO_Output
ProjectManager.ProjectName=STM32F103_Blink
ProjectManager.UnderRoot=true
RCC.PLLMCOFreq_Value=4000000
ProjectManager.CoupleFile=false
PA2.GPIOParameters=GPIO_Label
PinOutPanel.RotationAngle=0
Mcu.Package=LQFP64
RCC.FamilyName=M
RCC.TimSysFreq_Value=8000000
PA1.Locked=true
ProjectManager.StackSize=0x400
PA0-WKUP.GPIO_Label=LED
PA3.Locked=true
PA0-WKUP.Signal=GPIO_Output
PA0-WKUP.Locked=true
NVIC.ForceEnableDMAVector=true
KeepUserPlacement=false
PA13.Signal=SYS_JTMS-SWDIO
NVIC.MemoryManagement_IRQn=true\:0\:0\:false\:false\:true\:false\:false
ProjectManager.CompilerOptimize=6
NVIC.SVCall_IRQn=true\:0\:0\:false\:false\:true\:false\:false
Mcu.IP2=SYS
ProjectManager.ToolChainLocation=
PA2.GPIO_Label=DIR
VP_SYS_VS_Systick.Signal=SYS_VS_Systick
Mcu.IP0=NVIC
Mcu.IP1=RCC
PA14.Signal=SYS_JTCK-SWCLK
ProjectManager.HeapSize=0x200
NVIC.HardFault_IRQn=true\:0\:0\:false\:false\:true\:false\:false
Mcu.UserConstants=
ProjectManager.TargetToolchain=STM32CubeIDE
ProjectManager.ComputerToolchain=false
Mcu.ThirdPartyNb=0
NVIC.PriorityGroup=NVIC_PRIORITYGROUP_4
Mcu.IPNb=3
ProjectManager.PreviousToolchain=
NVIC.BusFault_IRQn=true\:0\:0\:false\:false\:true\:false\:false
Mcu.Pin6=VP_SYS_VS_Systick
ProjectManager.RegisterCallBack=
RCC.APB1Freq_Value=8000000
PA1.Signal=GPIO_Output
Mcu.Pin0=PA0-WKUP
Mcu.Pin1=PA1
Mcu.Pin2=PA2
ProjectManager.CustomerFirmwarePackage=
Mcu.Pin3=PA3
ProjectManager.DeviceId=STM32F103RCTx
PA0-WKUP.GPIOParameters=GPIO_Label
Mcu.Pin4=PA13
Mcu.Pin5=PA14
ProjectManager.LibraryCopy=1
ProjectManager.ProjectBuild=false
NVIC.UsageFault_IRQn=true\:0\:0\:false\:false\:true\:false\:false
PA3.GPIO_Label=EN
PA3.Signal=GPIO_Output
NVIC.DebugMonitor_IRQn=true\:0\:0\:false\:false\:true\:false\:false
board=custom
PA2.Locked=true
isbadioc=false
